
Microsoft Visual Studio Solution File, Format Version 12.00
# Visual Studio 2012
Project("{8BC9CEB8-8B4A-11D0-8D11-00A0C91BC942}") = "MdsOm", "C++\MdsOm_vs110.vcxproj", "{07CE0E0F-A8F0-46C0-A74D-9BBDAA34B203}"
EndProject
Project("{2150E333-8FDC-42A3-9474-1A3956D46DE8}") = "Solution Items", "Solution Items", "{3D98553E-56F4-4888-B14B-2D9F45FBD15D}"
	ProjectSection(SolutionItems) = preProject
		C++\PropertySheet.props = C++\PropertySheet.props
	EndProjectSection
EndProject
Project("{8BC9CEB8-8B4A-11D0-8D11-00A0C91BC942}") = "MdsOmChain", "C++\Chains\MdsOmChain_vs110.vcxproj", "{FFC8A901-9F60-4AC5-BACC-7E5C5E7CA994}"
	ProjectSection(ProjectDependencies) = postProject
		{07CE0E0F-A8F0-46C0-A74D-9BBDAA34B203} = {07CE0E0F-A8F0-46C0-A74D-9BBDAA34B203}
	EndProjectSection
EndProject
Global
	GlobalSection(SolutionConfigurationPlatforms) = preSolution
		Debug|Win32 = Debug|Win32
		Debug|x64 = Debug|x64
		Release|Win32 = Release|Win32
		Release|x64 = Release|x64
	EndGlobalSection
	GlobalSection(ProjectConfigurationPlatforms) = postSolution
		{07CE0E0F-A8F0-46C0-A74D-9BBDAA34B203}.Debug|Win32.ActiveCfg = Debug|Win32
		{07CE0E0F-A8F0-46C0-A74D-9BBDAA34B203}.Debug|Win32.Build.0 = Debug|Win32
		{07CE0E0F-A8F0-46C0-A74D-9BBDAA34B203}.Debug|x64.ActiveCfg = Debug|x64
		{07CE0E0F-A8F0-46C0-A74D-9BBDAA34B203}.Debug|x64.Build.0 = Debug|x64
		{07CE0E0F-A8F0-46C0-A74D-9BBDAA34B203}.Release|Win32.ActiveCfg = Release|Win32
		{07CE0E0F-A8F0-46C0-A74D-9BBDAA34B203}.Release|Win32.Build.0 = Release|Win32
		{07CE0E0F-A8F0-46C0-A74D-9BBDAA34B203}.Release|x64.ActiveCfg = Release|x64
		{07CE0E0F-A8F0-46C0-A74D-9BBDAA34B203}.Release|x64.Build.0 = Release|x64
		{FFC8A901-9F60-4AC5-BACC-7E5C5E7CA994}.Debug|Win32.ActiveCfg = Debug|Win32
		{FFC8A901-9F60-4AC5-BACC-7E5C5E7CA994}.Debug|Win32.Build.0 = Debug|Win32
		{FFC8A901-9F60-4AC5-BACC-7E5C5E7CA994}.Debug|x64.ActiveCfg = Debug|x64
		{FFC8A901-9F60-4AC5-BACC-7E5C5E7CA994}.Debug|x64.Build.0 = Debug|x64
		{FFC8A901-9F60-4AC5-BACC-7E5C5E7CA994}.Release|Win32.ActiveCfg = Release|Win32
		{FFC8A901-9F60-4AC5-BACC-7E5C5E7CA994}.Release|Win32.Build.0 = Release|Win32
		{FFC8A901-9F60-4AC5-BACC-7E5C5E7CA994}.Release|x64.ActiveCfg = Release|x64
		{FFC8A901-9F60-4AC5-BACC-7E5C5E7CA994}.Release|x64.Build.0 = Release|x64
	EndGlobalSection
	GlobalSection(SolutionProperties) = preSolution
		HideSolutionNode = FALSE
	EndGlobalSection
EndGlobal
